{
  "name": "add-core-catalog-lib",
  "version": "1.0.0",
  "lockfileVersion": 2,
  "requires": true,
  "packages": {
    "": {
      "version": "1.0.0",
      "license": "ISC",
      "dependencies": {
        "add-core-catalog-lib": "github:addvisor-app/add-core-catalog-lib"
      },
      "bin": {
        "add-core-catalog-lib": "bin/add-catalog-lib.js"
      }
    },
    "node_modules/add-core-catalog-lib": {
      "version": "1.0.0",
      "resolved": "git+ssh://git@github.com/addvisor-app/add-core-catalog-lib.git#7bc7a255e772b922af3ef6844388acb30d65861c",
      "license": "ISC",
      "bin": {
        "add-core-catalog-lib": "bin/add-catalog-lib.js"
      }
    }
  },
  "dependencies": {
    "add-core-catalog-lib": {
      "version": "git+ssh://git@github.com/addvisor-app/add-core-catalog-lib.git#7bc7a255e772b922af3ef6844388acb30d65861c",
      "from": "add-core-catalog-lib@github:addvisor-app/add-core-catalog-lib"
    }
  }
}
